// !$*UTF8*$!
{
	archiveVersion = 1;
	classes = {
	};
	objectVersion = 55;
	objects = {

/* Begin PBXBuildFile section */
		F13C4BAC28D079130047E577 /* WebKitViewController.swift in Sources */ = {isa = PBXBuildFile; fileRef = F13C4BAB28D079130047E577 /* WebKitViewController.swift */; };
		F1541ECB28CF3F760081C331 /* CategoryModel.swift in Sources */ = {isa = PBXBuildFile; fileRef = F1541ECA28CF3F760081C331 /* CategoryModel.swift */; };
		F1541ED028CF428C0081C331 /* CategoriesViewController.swift in Sources */ = {isa = PBXBuildFile; fileRef = F1541ECF28CF428C0081C331 /* CategoriesViewController.swift */; };
		F1541ED328CF4C5D0081C331 /* LogoCell.swift in Sources */ = {isa = PBXBuildFile; fileRef = F1541ED128CF4C5D0081C331 /* LogoCell.swift */; };
		F1541ED428CF4C5D0081C331 /* LogoCell.xib in Resources */ = {isa = PBXBuildFile; fileRef = F1541ED228CF4C5D0081C331 /* LogoCell.xib */; };
		F1541ED728CF4FD90081C331 /* HeaderCell.swift in Sources */ = {isa = PBXBuildFile; fileRef = F1541ED528CF4FD90081C331 /* HeaderCell.swift */; };
		F1541ED828CF4FD90081C331 /* HeaderCell.xib in Resources */ = {isa = PBXBuildFile; fileRef = F1541ED628CF4FD90081C331 /* HeaderCell.xib */; };
		F1541EDA28CF57890081C331 /* Notifications.swift in Sources */ = {isa = PBXBuildFile; fileRef = F1541ED928CF57890081C331 /* Notifications.swift */; };
		F1541EDC28CF65550081C331 /* DummyData.swift in Sources */ = {isa = PBXBuildFile; fileRef = F1541EDB28CF65550081C331 /* DummyData.swift */; };
		F1541EDE28CF664E0081C331 /* NewsModel.swift in Sources */ = {isa = PBXBuildFile; fileRef = F1541EDD28CF664E0081C331 /* NewsModel.swift */; };
		F169169428D1B9B500C6DB08 /* LargeNewsCell.swift in Sources */ = {isa = PBXBuildFile; fileRef = F169169228D1B9B500C6DB08 /* LargeNewsCell.swift */; };
		F169169528D1B9B500C6DB08 /* LargeNewsCell.xib in Resources */ = {isa = PBXBuildFile; fileRef = F169169328D1B9B500C6DB08 /* LargeNewsCell.xib */; };
		F169169728D1BF9D00C6DB08 /* Extensions.swift in Sources */ = {isa = PBXBuildFile; fileRef = F169169628D1BF9D00C6DB08 /* Extensions.swift */; };
		F182BA5C28CE5C4B0041885D /* AppDelegate.swift in Sources */ = {isa = PBXBuildFile; fileRef = F182BA5B28CE5C4B0041885D /* AppDelegate.swift */; };
		F182BA5E28CE5C4B0041885D /* SceneDelegate.swift in Sources */ = {isa = PBXBuildFile; fileRef = F182BA5D28CE5C4B0041885D /* SceneDelegate.swift */; };
		F182BA6028CE5C4B0041885D /* NewsViewController.swift in Sources */ = {isa = PBXBuildFile; fileRef = F182BA5F28CE5C4B0041885D /* NewsViewController.swift */; };
		F182BA6328CE5C4B0041885D /* Main.storyboard in Resources */ = {isa = PBXBuildFile; fileRef = F182BA6128CE5C4B0041885D /* Main.storyboard */; };
		F182BA6528CE5C4C0041885D /* Assets.xcassets in Resources */ = {isa = PBXBuildFile; fileRef = F182BA6428CE5C4C0041885D /* Assets.xcassets */; };
		F182BA6828CE5C4C0041885D /* LaunchScreen.storyboard in Resources */ = {isa = PBXBuildFile; fileRef = F182BA6628CE5C4C0041885D /* LaunchScreen.storyboard */; };
		F1DA534028CF27A100F5C2FB /* NewsCell.swift in Sources */ = {isa = PBXBuildFile; fileRef = F1DA533E28CF27A100F5C2FB /* NewsCell.swift */; };
		F1DA534128CF27A100F5C2FB /* NewsCell.xib in Resources */ = {isa = PBXBuildFile; fileRef = F1DA533F28CF27A100F5C2FB /* NewsCell.xib */; };
		F1DA534328CF2ADF00F5C2FB /* Constants.swift in Sources */ = {isa = PBXBuildFile; fileRef = F1DA534228CF2ADF00F5C2FB /* Constants.swift */; };
		F1F1C29A28CFA8BA00ABDB93 /* DetailsViewController.swift in Sources */ = {isa = PBXBuildFile; fileRef = F1F1C29928CFA8BA00ABDB93 /* DetailsViewController.swift */; };
		F1F5DFC128D1181200872DF0 /* DetailsImageCell.swift in Sources */ = {isa = PBXBuildFile; fileRef = F1F5DFBF28D1181200872DF0 /* DetailsImageCell.swift */; };
		F1F5DFC228D1181200872DF0 /* DetailsImageCell.xib in Resources */ = {isa = PBXBuildFile; fileRef = F1F5DFC028D1181200872DF0 /* DetailsImageCell.xib */; };
		F1F5DFC528D11C5000872DF0 /* DetailsTitleCell.swift in Sources */ = {isa = PBXBuildFile; fileRef = F1F5DFC328D11C5000872DF0 /* DetailsTitleCell.swift */; };
		F1F5DFC628D11C5000872DF0 /* DetailsTitleCell.xib in Resources */ = {isa = PBXBuildFile; fileRef = F1F5DFC428D11C5000872DF0 /* DetailsTitleCell.xib */; };
		F1F5DFC928D11DFB00872DF0 /* DetailsBodyCell.swift in Sources */ = {isa = PBXBuildFile; fileRef = F1F5DFC728D11DFB00872DF0 /* DetailsBodyCell.swift */; };
		F1F5DFCA28D11DFB00872DF0 /* DetailsBodyCell.xib in Resources */ = {isa = PBXBuildFile; fileRef = F1F5DFC828D11DFB00872DF0 /* DetailsBodyCell.xib */; };
		F1F5DFCD28D11F9B00872DF0 /* DetailsButtonCell.swift in Sources */ = {isa = PBXBuildFile; fileRef = F1F5DFCB28D11F9B00872DF0 /* DetailsButtonCell.swift */; };
		F1F5DFCE28D11F9B00872DF0 /* DetailsButtonCell.xib in Resources */ = {isa = PBXBuildFile; fileRef = F1F5DFCC28D11F9B00872DF0 /* DetailsButtonCell.xib */; };
/* End PBXBuildFile section */

/* Begin PBXFileReference section */
		F13C4BAB28D079130047E577 /* WebKitViewController.swift */ = {isa = PBXFileReference; lastKnownFileType = sourcecode.swift; path = WebKitViewController.swift; sourceTree = "<group>"; };
		F1541ECA28CF3F760081C331 /* CategoryModel.swift */ = {isa = PBXFileReference; lastKnownFileType = sourcecode.swift; path = CategoryModel.swift; sourceTree = "<group>"; };
		F1541ECF28CF428C0081C331 /* CategoriesViewController.swift */ = {isa = PBXFileReference; lastKnownFileType = sourcecode.swift; path = CategoriesViewController.swift; sourceTree = "<group>"; };
		F1541ED128CF4C5D0081C331 /* LogoCell.swift */ = {isa = PBXFileReference; lastKnownFileType = sourcecode.swift; path = LogoCell.swift; sourceTree = "<group>"; };
		F1541ED228CF4C5D0081C331 /* LogoCell.xib */ = {isa = PBXFileReference; lastKnownFileType = file.xib; path = LogoCell.xib; sourceTree = "<group>"; };
		F1541ED528CF4FD90081C331 /* HeaderCell.swift */ = {isa = PBXFileReference; lastKnownFileType = sourcecode.swift; path = HeaderCell.swift; sourceTree = "<group>"; };
		F1541ED628CF4FD90081C331 /* HeaderCell.xib */ = {isa = PBXFileReference; lastKnownFileType = file.xib; path = HeaderCell.xib; sourceTree = "<group>"; };
		F1541ED928CF57890081C331 /* Notifications.swift */ = {isa = PBXFileReference; lastKnownFileType = sourcecode.swift; path = Notifications.swift; sourceTree = "<group>"; };
		F1541EDB28CF65550081C331 /* DummyData.swift */ = {isa = PBXFileReference; lastKnownFileType = sourcecode.swift; path = DummyData.swift; sourceTree = "<group>"; };
		F1541EDD28CF664E0081C331 /* NewsModel.swift */ = {isa = PBXFileReference; lastKnownFileType = sourcecode.swift; path = NewsModel.swift; sourceTree = "<group>"; };
		F169169228D1B9B500C6DB08 /* LargeNewsCell.swift */ = {isa = PBXFileReference; lastKnownFileType = sourcecode.swift; path = LargeNewsCell.swift; sourceTree = "<group>"; };
		F169169328D1B9B500C6DB08 /* LargeNewsCell.xib */ = {isa = PBXFileReference; lastKnownFileType = file.xib; path = LargeNewsCell.xib; sourceTree = "<group>"; };
		F169169628D1BF9D00C6DB08 /* Extensions.swift */ = {isa = PBXFileReference; lastKnownFileType = sourcecode.swift; path = Extensions.swift; sourceTree = "<group>"; };
		F182BA5828CE5C4B0041885D /* homework2-news-app.app */ = {isa = PBXFileReference; explicitFileType = wrapper.application; includeInIndex = 0; path = "homework2-news-app.app"; sourceTree = BUILT_PRODUCTS_DIR; };
		F182BA5B28CE5C4B0041885D /* AppDelegate.swift */ = {isa = PBXFileReference; lastKnownFileType = sourcecode.swift; path = AppDelegate.swift; sourceTree = "<group>"; };
		F182BA5D28CE5C4B0041885D /* SceneDelegate.swift */ = {isa = PBXFileReference; lastKnownFileType = sourcecode.swift; path = SceneDelegate.swift; sourceTree = "<group>"; };
		F182BA5F28CE5C4B0041885D /* NewsViewController.swift */ = {isa = PBXFileReference; lastKnownFileType = sourcecode.swift; path = NewsViewController.swift; sourceTree = "<group>"; };
		F182BA6228CE5C4B0041885D /* Base */ = {isa = PBXFileReference; lastKnownFileType = file.storyboard; name = Base; path = Base.lproj/Main.storyboard; sourceTree = "<group>"; };
		F182BA6428CE5C4C0041885D /* Assets.xcassets */ = {isa = PBXFileReference; lastKnownFileType = folder.assetcatalog; path = Assets.xcassets; sourceTree = "<group>"; };
		F182BA6728CE5C4C0041885D /* Base */ = {isa = PBXFileReference; lastKnownFileType = file.storyboard; name = Base; path = Base.lproj/LaunchScreen.storyboard; sourceTree = "<group>"; };
		F182BA6928CE5C4C0041885D /* Info.plist */ = {isa = PBXFileReference; lastKnownFileType = text.plist.xml; path = Info.plist; sourceTree = "<group>"; };
		F1DA533E28CF27A100F5C2FB /* NewsCell.swift */ = {isa = PBXFileReference; lastKnownFileType = sourcecode.swift; path = NewsCell.swift; sourceTree = "<group>"; };
		F1DA533F28CF27A100F5C2FB /* NewsCell.xib */ = {isa = PBXFileReference; lastKnownFileType = file.xib; path = NewsCell.xib; sourceTree = "<group>"; };
		F1DA534228CF2ADF00F5C2FB /* Constants.swift */ = {isa = PBXFileReference; lastKnownFileType = sourcecode.swift; path = Constants.swift; sourceTree = "<group>"; };
		F1F1C29928CFA8BA00ABDB93 /* DetailsViewController.swift */ = {isa = PBXFileReference; lastKnownFileType = sourcecode.swift; path = DetailsViewController.swift; sourceTree = "<group>"; };
		F1F5DFBF28D1181200872DF0 /* DetailsImageCell.swift */ = {isa = PBXFileReference; lastKnownFileType = sourcecode.swift; path = DetailsImageCell.swift; sourceTree = "<group>"; };
		F1F5DFC028D1181200872DF0 /* DetailsImageCell.xib */ = {isa = PBXFileReference; lastKnownFileType = file.xib; path = DetailsImageCell.xib; sourceTree = "<group>"; };
		F1F5DFC328D11C5000872DF0 /* DetailsTitleCell.swift */ = {isa = PBXFileReference; lastKnownFileType = sourcecode.swift; path = DetailsTitleCell.swift; sourceTree = "<group>"; };
		F1F5DFC428D11C5000872DF0 /* DetailsTitleCell.xib */ = {isa = PBXFileReference; lastKnownFileType = file.xib; path = DetailsTitleCell.xib; sourceTree = "<group>"; };
		F1F5DFC728D11DFB00872DF0 /* DetailsBodyCell.swift */ = {isa = PBXFileReference; lastKnownFileType = sourcecode.swift; path = DetailsBodyCell.swift; sourceTree = "<group>"; };
		F1F5DFC828D11DFB00872DF0 /* DetailsBodyCell.xib */ = {isa = PBXFileReference; lastKnownFileType = file.xib; path = DetailsBodyCell.xib; sourceTree = "<group>"; };
		F1F5DFCB28D11F9B00872DF0 /* DetailsButtonCell.swift */ = {isa = PBXFileReference; lastKnownFileType = sourcecode.swift; path = DetailsButtonCell.swift; sourceTree = "<group>"; };
		F1F5DFCC28D11F9B00872DF0 /* DetailsButtonCell.xib */ = {isa = PBXFileReference; lastKnownFileType = file.xib; path = DetailsButtonCell.xib; sourceTree = "<group>"; };
/* End PBXFileReference section */

/* Begin PBXFrameworksBuildPhase section */
		F182BA5528CE5C4B0041885D /* Frameworks */ = {
			isa = PBXFrameworksBuildPhase;
			buildActionMask = 2147483647;
			files = (
			);
			runOnlyForDeploymentPostprocessing = 0;
		};
/* End PBXFrameworksBuildPhase section */

/* Begin PBXGroup section */
		F1541EC828CF3F4B0081C331 /* Views */ = {
			isa = PBXGroup;
			children = (
				F182BA6128CE5C4B0041885D /* Main.storyboard */,
				F1DA533E28CF27A100F5C2FB /* NewsCell.swift */,
				F1DA533F28CF27A100F5C2FB /* NewsCell.xib */,
				F1541ED128CF4C5D0081C331 /* LogoCell.swift */,
				F1541ED228CF4C5D0081C331 /* LogoCell.xib */,
				F1541ED528CF4FD90081C331 /* HeaderCell.swift */,
				F1541ED628CF4FD90081C331 /* HeaderCell.xib */,
				F1F5DFBF28D1181200872DF0 /* DetailsImageCell.swift */,
				F1F5DFC028D1181200872DF0 /* DetailsImageCell.xib */,
				F1F5DFC328D11C5000872DF0 /* DetailsTitleCell.swift */,
				F1F5DFC428D11C5000872DF0 /* DetailsTitleCell.xib */,
				F1F5DFC728D11DFB00872DF0 /* DetailsBodyCell.swift */,
				F1F5DFC828D11DFB00872DF0 /* DetailsBodyCell.xib */,
				F1F5DFCB28D11F9B00872DF0 /* DetailsButtonCell.swift */,
				F1F5DFCC28D11F9B00872DF0 /* DetailsButtonCell.xib */,
				F169169228D1B9B500C6DB08 /* LargeNewsCell.swift */,
				F169169328D1B9B500C6DB08 /* LargeNewsCell.xib */,
			);
			path = Views;
			sourceTree = "<group>";
		};
		F1541EC928CF3F5A0081C331 /* Controllers */ = {
			isa = PBXGroup;
			children = (
				F182BA5F28CE5C4B0041885D /* NewsViewController.swift */,
				F1541ECF28CF428C0081C331 /* CategoriesViewController.swift */,
				F1F1C29928CFA8BA00ABDB93 /* DetailsViewController.swift */,
				F13C4BAB28D079130047E577 /* WebKitViewController.swift */,
			);
			path = Controllers;
			sourceTree = "<group>";
		};
		F1541ECC28CF3F7B0081C331 /* Models */ = {
			isa = PBXGroup;
			children = (
				F1541ECA28CF3F760081C331 /* CategoryModel.swift */,
				F1541EDD28CF664E0081C331 /* NewsModel.swift */,
			);
			path = Models;
			sourceTree = "<group>";
		};
		F182BA4F28CE5C4B0041885D = {
			isa = PBXGroup;
			children = (
				F182BA5A28CE5C4B0041885D /* homework2-news-app */,
				F182BA5928CE5C4B0041885D /* Products */,
			);
			sourceTree = "<group>";
		};
		F182BA5928CE5C4B0041885D /* Products */ = {
			isa = PBXGroup;
			children = (
				F182BA5828CE5C4B0041885D /* homework2-news-app.app */,
			);
			name = Products;
			sourceTree = "<group>";
		};
		F182BA5A28CE5C4B0041885D /* homework2-news-app */ = {
			isa = PBXGroup;
			children = (
				F182BA5B28CE5C4B0041885D /* AppDelegate.swift */,
				F182BA5D28CE5C4B0041885D /* SceneDelegate.swift */,
				F1541ECC28CF3F7B0081C331 /* Models */,
				F1541EC828CF3F4B0081C331 /* Views */,
				F1541EC928CF3F5A0081C331 /* Controllers */,
				F182BA6428CE5C4C0041885D /* Assets.xcassets */,
				F182BA6628CE5C4C0041885D /* LaunchScreen.storyboard */,
				F182BA6928CE5C4C0041885D /* Info.plist */,
				F1DA534228CF2ADF00F5C2FB /* Constants.swift */,
				F1541ED928CF57890081C331 /* Notifications.swift */,
				F1541EDB28CF65550081C331 /* DummyData.swift */,
				F169169628D1BF9D00C6DB08 /* Extensions.swift */,
			);
			path = "homework2-news-app";
			sourceTree = "<group>";
		};
/* End PBXGroup section */

/* Begin PBXNativeTarget section */
		F182BA5728CE5C4B0041885D /* homework2-news-app */ = {
			isa = PBXNativeTarget;
			buildConfigurationList = F182BA6C28CE5C4C0041885D /* Build configuration list for PBXNativeTarget "homework2-news-app" */;
			buildPhases = (
				F182BA5428CE5C4B0041885D /* Sources */,
				F182BA5528CE5C4B0041885D /* Frameworks */,
				F182BA5628CE5C4B0041885D /* Resources */,
			);
			buildRules = (
			);
			dependencies = (
			);
			name = "homework2-news-app";
			productName = "homework2-news-app";
			productReference = F182BA5828CE5C4B0041885D /* homework2-news-app.app */;
			productType = "com.apple.product-type.application";
		};
/* End PBXNativeTarget section */

/* Begin PBXProject section */
		F182BA5028CE5C4B0041885D /* Project object */ = {
			isa = PBXProject;
			attributes = {
				BuildIndependentTargetsInParallel = 1;
				LastSwiftUpdateCheck = 1340;
				LastUpgradeCheck = 1340;
				TargetAttributes = {
					F182BA5728CE5C4B0041885D = {
						CreatedOnToolsVersion = 13.4.1;
					};
				};
			};
			buildConfigurationList = F182BA5328CE5C4B0041885D /* Build configuration list for PBXProject "homework2-news-app" */;
			compatibilityVersion = "Xcode 13.0";
			developmentRegion = en;
			hasScannedForEncodings = 0;
			knownRegions = (
				en,
				Base,
			);
			mainGroup = F182BA4F28CE5C4B0041885D;
			productRefGroup = F182BA5928CE5C4B0041885D /* Products */;
			projectDirPath = "";
			projectRoot = "";
			targets = (
				F182BA5728CE5C4B0041885D /* homework2-news-app */,
			);
		};
/* End PBXProject section */

/* Begin PBXResourcesBuildPhase section */
		F182BA5628CE5C4B0041885D /* Resources */ = {
			isa = PBXResourcesBuildPhase;
			buildActionMask = 2147483647;
			files = (
				F182BA6828CE5C4C0041885D /* LaunchScreen.storyboard in Resources */,
				F182BA6528CE5C4C0041885D /* Assets.xcassets in Resources */,
				F169169528D1B9B500C6DB08 /* LargeNewsCell.xib in Resources */,
				F1DA534128CF27A100F5C2FB /* NewsCell.xib in Resources */,
				F182BA6328CE5C4B0041885D /* Main.storyboard in Resources */,
				F1541ED828CF4FD90081C331 /* HeaderCell.xib in Resources */,
				F1F5DFCA28D11DFB00872DF0 /* DetailsBodyCell.xib in Resources */,
				F1F5DFCE28D11F9B00872DF0 /* DetailsButtonCell.xib in Resources */,
				F1F5DFC628D11C5000872DF0 /* DetailsTitleCell.xib in Resources */,
				F1541ED428CF4C5D0081C331 /* LogoCell.xib in Resources */,
				F1F5DFC228D1181200872DF0 /* DetailsImageCell.xib in Resources */,
			);
			runOnlyForDeploymentPostprocessing = 0;
		};
/* End PBXResourcesBuildPhase section */

/* Begin PBXSourcesBuildPhase section */
		F182BA5428CE5C4B0041885D /* Sources */ = {
			isa = PBXSourcesBuildPhase;
			buildActionMask = 2147483647;
			files = (
				F1F5DFCD28D11F9B00872DF0 /* DetailsButtonCell.swift in Sources */,
				F1541EDE28CF664E0081C331 /* NewsModel.swift in Sources */,
				F1541EDA28CF57890081C331 /* Notifications.swift in Sources */,
				F1DA534328CF2ADF00F5C2FB /* Constants.swift in Sources */,
				F1541ECB28CF3F760081C331 /* CategoryModel.swift in Sources */,
				F169169428D1B9B500C6DB08 /* LargeNewsCell.swift in Sources */,
				F1541ED328CF4C5D0081C331 /* LogoCell.swift in Sources */,
				F1F5DFC128D1181200872DF0 /* DetailsImageCell.swift in Sources */,
				F182BA6028CE5C4B0041885D /* NewsViewController.swift in Sources */,
				F1541ED728CF4FD90081C331 /* HeaderCell.swift in Sources */,
				F182BA5C28CE5C4B0041885D /* AppDelegate.swift in Sources */,
				F1F5DFC528D11C5000872DF0 /* DetailsTitleCell.swift in Sources */,
				F1DA534028CF27A100F5C2FB /* NewsCell.swift in Sources */,
				F1541ED028CF428C0081C331 /* CategoriesViewController.swift in Sources */,
				F13C4BAC28D079130047E577 /* WebKitViewController.swift in Sources */,
				F169169728D1BF9D00C6DB08 /* Extensions.swift in Sources */,
				F1541EDC28CF65550081C331 /* DummyData.swift in Sources */,
				F1F5DFC928D11DFB00872DF0 /* DetailsBodyCell.swift in Sources */,
				F1F1C29A28CFA8BA00ABDB93 /* DetailsViewController.swift in Sources */,
				F182BA5E28CE5C4B0041885D /* SceneDelegate.swift in Sources */,
			);
			runOnlyForDeploymentPostprocessing = 0;
		};
/* End PBXSourcesBuildPhase section */

/* Begin PBXVariantGroup section */
		F182BA6128CE5C4B0041885D /* Main.storyboard */ = {
			isa = PBXVariantGroup;
			children = (
				F182BA6228CE5C4B0041885D /* Base */,
			);
			name = Main.storyboard;
			sourceTree = "<group>";
		};
		F182BA6628CE5C4C0041885D /* LaunchScreen.storyboard */ = {
			isa = PBXVariantGroup;
			children = (
				F182BA6728CE5C4C0041885D /* Base */,
			);
			name = LaunchScreen.storyboard;
			sourceTree = "<group>";
		};
/* End PBXVariantGroup section */

/* Begin XCBuildConfiguration section */
		F182BA6A28CE5C4C0041885D /* Debug */ = {
			isa = XCBuildConfiguration;
			buildSettings = {
				ALWAYS_SEARCH_USER_PATHS = NO;
				CLANG_ANALYZER_NONNULL = YES;
				CLANG_ANALYZER_NUMBER_OBJECT_CONVERSION = YES_AGGRESSIVE;
				CLANG_CXX_LANGUAGE_STANDARD = "gnu++17";
				CLANG_ENABLE_MODULES = YES;
				CLANG_ENABLE_OBJC_ARC = YES;
				CLANG_ENABLE_OBJC_WEAK = YES;
				CLANG_WARN_BLOCK_CAPTURE_AUTORELEASING = YES;
				CLANG_WARN_BOOL_CONVERSION = YES;
				CLANG_WARN_COMMA = YES;
				CLANG_WARN_CONSTANT_CONVERSION = YES;
				CLANG_WARN_DEPRECATED_OBJC_IMPLEMENTATIONS = YES;
				CLANG_WARN_DIRECT_OBJC_ISA_USAGE = YES_ERROR;
				CLANG_WARN_DOCUMENTATION_COMMENTS = YES;
				CLANG_WARN_EMPTY_BODY = YES;
				CLANG_WARN_ENUM_CONVERSION = YES;
				CLANG_WARN_INFINITE_RECURSION = YES;
				CLANG_WARN_INT_CONVERSION = YES;
				CLANG_WARN_NON_LITERAL_NULL_CONVERSION = YES;
				CLANG_WARN_OBJC_IMPLICIT_RETAIN_SELF = YES;
				CLANG_WARN_OBJC_LITERAL_CONVERSION = YES;
				CLANG_WARN_OBJC_ROOT_CLASS = YES_ERROR;
				CLANG_WARN_QUOTED_INCLUDE_IN_FRAMEWORK_HEADER = YES;
				CLANG_WARN_RANGE_LOOP_ANALYSIS = YES;
				CLANG_WARN_STRICT_PROTOTYPES = YES;
				CLANG_WARN_SUSPICIOUS_MOVE = YES;
				CLANG_WARN_UNGUARDED_AVAILABILITY = YES_AGGRESSIVE;
				CLANG_WARN_UNREACHABLE_CODE = YES;
				CLANG_WARN__DUPLICATE_METHOD_MATCH = YES;
				COPY_PHASE_STRIP = NO;
				DEBUG_INFORMATION_FORMAT = dwarf;
				ENABLE_STRICT_OBJC_MSGSEND = YES;
				ENABLE_TESTABILITY = YES;
				GCC_C_LANGUAGE_STANDARD = gnu11;
				GCC_DYNAMIC_NO_PIC = NO;
				GCC_NO_COMMON_BLOCKS = YES;
				GCC_OPTIMIZATION_LEVEL = 0;
				GCC_PREPROCESSOR_DEFINITIONS = (
					"DEBUG=1",
					"$(inherited)",
				);
				GCC_WARN_64_TO_32_BIT_CONVERSION = YES;
				GCC_WARN_ABOUT_RETURN_TYPE = YES_ERROR;
				GCC_WARN_UNDECLARED_SELECTOR = YES;
				GCC_WARN_UNINITIALIZED_AUTOS = YES_AGGRESSIVE;
				GCC_WARN_UNUSED_FUNCTION = YES;
				GCC_WARN_UNUSED_VARIABLE = YES;
				IPHONEOS_DEPLOYMENT_TARGET = 15.5;
				MTL_ENABLE_DEBUG_INFO = INCLUDE_SOURCE;
				MTL_FAST_MATH = YES;
				ONLY_ACTIVE_ARCH = YES;
				SDKROOT = iphoneos;
				SWIFT_ACTIVE_COMPILATION_CONDITIONS = DEBUG;
				SWIFT_OPTIMIZATION_LEVEL = "-Onone";
			};
			name = Debug;
		};
		F182BA6B28CE5C4C0041885D /* Release */ = {
			isa = XCBuildConfiguration;
			buildSettings = {
				ALWAYS_SEARCH_USER_PATHS = NO;
				CLANG_ANALYZER_NONNULL = YES;
				CLANG_ANALYZER_NUMBER_OBJECT_CONVERSION = YES_AGGRESSIVE;
				CLANG_CXX_LANGUAGE_STANDARD = "gnu++17";
				CLANG_ENABLE_MODULES = YES;
				CLANG_ENABLE_OBJC_ARC = YES;
				CLANG_ENABLE_OBJC_WEAK = YES;
				CLANG_WARN_BLOCK_CAPTURE_AUTORELEASING = YES;
				CLANG_WARN_BOOL_CONVERSION = YES;
				CLANG_WARN_COMMA = YES;
				CLANG_WARN_CONSTANT_CONVERSION = YES;
				CLANG_WARN_DEPRECATED_OBJC_IMPLEMENTATIONS = YES;
				CLANG_WARN_DIRECT_OBJC_ISA_USAGE = YES_ERROR;
				CLANG_WARN_DOCUMENTATION_COMMENTS = YES;
				CLANG_WARN_EMPTY_BODY = YES;
				CLANG_WARN_ENUM_CONVERSION = YES;
				CLANG_WARN_INFINITE_RECURSION = YES;
				CLANG_WARN_INT_CONVERSION = YES;
				CLANG_WARN_NON_LITERAL_NULL_CONVERSION = YES;
				CLANG_WARN_OBJC_IMPLICIT_RETAIN_SELF = YES;
				CLANG_WARN_OBJC_LITERAL_CONVERSION = YES;
				CLANG_WARN_OBJC_ROOT_CLASS = YES_ERROR;
				CLANG_WARN_QUOTED_INCLUDE_IN_FRAMEWORK_HEADER = YES;
				CLANG_WARN_RANGE_LOOP_ANALYSIS = YES;
				CLANG_WARN_STRICT_PROTOTYPES = YES;
				CLANG_WARN_SUSPICIOUS_MOVE = YES;
				CLANG_WARN_UNGUARDED_AVAILABILITY = YES_AGGRESSIVE;
				CLANG_WARN_UNREACHABLE_CODE = YES;
				CLANG_WARN__DUPLICATE_METHOD_MATCH = YES;
				COPY_PHASE_STRIP = NO;
				DEBUG_INFORMATION_FORMAT = "dwarf-with-dsym";
				ENABLE_NS_ASSERTIONS = NO;
				ENABLE_STRICT_OBJC_MSGSEND = YES;
				GCC_C_LANGUAGE_STANDARD = gnu11;
				GCC_NO_COMMON_BLOCKS = YES;
				GCC_WARN_64_TO_32_BIT_CONVERSION = YES;
				GCC_WARN_ABOUT_RETURN_TYPE = YES_ERROR;
				GCC_WARN_UNDECLARED_SELECTOR = YES;
				GCC_WARN_UNINITIALIZED_AUTOS = YES_AGGRESSIVE;
				GCC_WARN_UNUSED_FUNCTION = YES;
				GCC_WARN_UNUSED_VARIABLE = YES;
				IPHONEOS_DEPLOYMENT_TARGET = 15.5;
				MTL_ENABLE_DEBUG_INFO = NO;
				MTL_FAST_MATH = YES;
				SDKROOT = iphoneos;
				SWIFT_COMPILATION_MODE = wholemodule;
				SWIFT_OPTIMIZATION_LEVEL = "-O";
				VALIDATE_PRODUCT = YES;
			};
			name = Release;
		};
		F182BA6D28CE5C4C0041885D /* Debug */ = {
			isa = XCBuildConfiguration;
			buildSettings = {
				ASSETCATALOG_COMPILER_APPICON_NAME = AppIcon;
				ASSETCATALOG_COMPILER_GLOBAL_ACCENT_COLOR_NAME = AccentColor;
				CODE_SIGN_STYLE = Automatic;
				CURRENT_PROJECT_VERSION = 1;
				DEVELOPMENT_TEAM = A9S7ZDQSZC;
				GENERATE_INFOPLIST_FILE = YES;
				INFOPLIST_FILE = "homework2-news-app/Info.plist";
				INFOPLIST_KEY_CFBundleDisplayName = "Fake News";
				INFOPLIST_KEY_UIApplicationSupportsIndirectInputEvents = YES;
				INFOPLIST_KEY_UILaunchStoryboardName = LaunchScreen;
				INFOPLIST_KEY_UIMainStoryboardFile = Main;
				INFOPLIST_KEY_UISupportedInterfaceOrientations = UIInterfaceOrientationPortrait;
				INFOPLIST_KEY_UISupportedInterfaceOrientations_iPad = "UIInterfaceOrientationPortrait UIInterfaceOrientationPortraitUpsideDown UIInterfaceOrientationLandscapeLeft UIInterfaceOrientationLandscapeRight";
				INFOPLIST_KEY_UISupportedInterfaceOrientations_iPhone = "UIInterfaceOrientationPortrait UIInterfaceOrientationLandscapeLeft UIInterfaceOrientationLandscapeRight";
				LD_RUNPATH_SEARCH_PATHS = (
					"$(inherited)",
					"@executable_path/Frameworks",
				);
				MARKETING_VERSION = 1.0;
				PRODUCT_BUNDLE_IDENTIFIER = "com.sametkoyuncu.homework2-news-app";
				PRODUCT_NAME = "$(TARGET_NAME)";
				SWIFT_EMIT_LOC_STRINGS = YES;
				SWIFT_VERSION = 5.0;
				TARGETED_DEVICE_FAMILY = "1,2";
			};
			name = Debug;
		};
		F182BA6E28CE5C4C0041885D /* Release */ = {
			isa = XCBuildConfiguration;
			buildSettings = {
				ASSETCATALOG_COMPILER_APPICON_NAME = AppIcon;
				ASSETCATALOG_COMPILER_GLOBAL_ACCENT_COLOR_NAME = AccentColor;
				CODE_SIGN_STYLE = Automatic;
				CURRENT_PROJECT_VERSION = 1;
				DEVELOPMENT_TEAM = A9S7ZDQSZC;
				GENERATE_INFOPLIST_FILE = YES;
				INFOPLIST_FILE = "homework2-news-app/Info.plist";
				INFOPLIST_KEY_CFBundleDisplayName = "Fake News";
				INFOPLIST_KEY_UIApplicationSupportsIndirectInputEvents = YES;
				INFOPLIST_KEY_UILaunchStoryboardName = LaunchScreen;
				INFOPLIST_KEY_UIMainStoryboardFile = Main;
				INFOPLIST_KEY_UISupportedInterfaceOrientations = UIInterfaceOrientationPortrait;
				INFOPLIST_KEY_UISupportedInterfaceOrientations_iPad = "UIInterfaceOrientationPortrait UIInterfaceOrientationPortraitUpsideDown UIInterfaceOrientationLandscapeLeft UIInterfaceOrientationLandscapeRight";
				INFOPLIST_KEY_UISupportedInterfaceOrientations_iPhone = "UIInterfaceOrientationPortrait UIInterfaceOrientationLandscapeLeft UIInterfaceOrientationLandscapeRight";
				LD_RUNPATH_SEARCH_PATHS = (
					"$(inherited)",
					"@executable_path/Frameworks",
				);
				MARKETING_VERSION = 1.0;
				PRODUCT_BUNDLE_IDENTIFIER = "com.sametkoyuncu.homework2-news-app";
				PRODUCT_NAME = "$(TARGET_NAME)";
				SWIFT_EMIT_LOC_STRINGS = YES;
				SWIFT_VERSION = 5.0;
				TARGETED_DEVICE_FAMILY = "1,2";
			};
			name = Release;
		};
/* End XCBuildConfiguration section */

/* Begin XCConfigurationList section */
		F182BA5328CE5C4B0041885D /* Build configuration list for PBXProject "homework2-news-app" */ = {
			isa = XCConfigurationList;
			buildConfigurations = (
				F182BA6A28CE5C4C0041885D /* Debug */,
				F182BA6B28CE5C4C0041885D /* Release */,
			);
			defaultConfigurationIsVisible = 0;
			defaultConfigurationName = Release;
		};
		F182BA6C28CE5C4C0041885D /* Build configuration list for PBXNativeTarget "homework2-news-app" */ = {
			isa = XCConfigurationList;
			buildConfigurations = (
				F182BA6D28CE5C4C0041885D /* Debug */,
				F182BA6E28CE5C4C0041885D /* Release */,
			);
			defaultConfigurationIsVisible = 0;
			defaultConfigurationName = Release;
		};
/* End XCConfigurationList section */
	};
	rootObject = F182BA5028CE5C4B0041885D /* Project object */;
}
